
Microsoft Visual Studio Solution File, Format Version 12.00
# Visual Studio Version 17
VisualStudioVersion = 17.5.002.0
MinimumVisualStudioVersion = 10.0.40219.1
Project("{2150E333-8FDC-42A3-9474-1A3956D46DE8}") = "csharp-prep", "csharp-prep", "{D162E448-5C38-4E3C-B75B-FE9872606DA4}"
EndProject
Project("{9A19103F-16F7-4668-BE54-9A1E7A4F7556}") = "Prep1", "csharp-prep\Prep1\Prep1.csproj", "{44033AEE-2407-49F2-962C-D325B8CE2916}"
EndProject
Project("{9A19103F-16F7-4668-BE54-9A1E7A4F7556}") = "Prep2", "csharp-prep\Prep2\Prep2.csproj", "{6483247F-241D-4F09-BCBD-08DC60A23D0F}"
EndProject
Project("{9A19103F-16F7-4668-BE54-9A1E7A4F7556}") = "Prep3", "csharp-prep\Prep3\Prep3.csproj", "{424E7F30-BA5F-4001-86D5-5F53B605D371}"
EndProject
Project("{9A19103F-16F7-4668-BE54-9A1E7A4F7556}") = "Prep4", "csharp-prep\Prep4\Prep4.csproj", "{B9D85B5E-4AFC-4F75-8F28-4B3BC34B7B1F}"
EndProject
Project("{9A19103F-16F7-4668-BE54-9A1E7A4F7556}") = "Prep5", "csharp-prep\Prep5\Prep5.csproj", "{3FD7AAFA-B848-4D26-99D1-07AD5D47BAEE}"
EndProject
Project("{2150E333-8FDC-42A3-9474-1A3956D46DE8}") = "final", "final", "{3A55B592-637C-476A-A09C-2ABF09238D37}"
EndProject
Project("{9A19103F-16F7-4668-BE54-9A1E7A4F7556}") = "FinalProject", "final\FinalProject\FinalProject.csproj", "{7613481D-8FA0-4E35-BCF0-757DAA02A65B}"
EndProject
Project("{9A19103F-16F7-4668-BE54-9A1E7A4F7556}") = "Foundation1", "final\Foundation1\Foundation1.csproj", "{9384743F-2122-44EA-8B8A-94AC46E10433}"
EndProject
Project("{9A19103F-16F7-4668-BE54-9A1E7A4F7556}") = "Foundation2", "final\Foundation2\Foundation2.csproj", "{8F823831-13A1-4550-B63F-816CDEAE08C1}"
EndProject
Project("{9A19103F-16F7-4668-BE54-9A1E7A4F7556}") = "Foundation3", "final\Foundation3\Foundation3.csproj", "{F8AE20DB-65A6-4511-9C0D-F88F718D3028}"
EndProject
Project("{9A19103F-16F7-4668-BE54-9A1E7A4F7556}") = "Foundation4", "final\Foundation4\Foundation4.csproj", "{BF1DE043-AA03-41B7-9F29-AE015521AEBE}"
EndProject
Project("{2150E333-8FDC-42A3-9474-1A3956D46DE8}") = "prepare", "prepare", "{817F4DB5-7036-453F-8211-24A307873AE3}"
EndProject
Project("{9A19103F-16F7-4668-BE54-9A1E7A4F7556}") = "Learning02", "prepare\Learning02\Learning02.csproj", "{492B46D5-A969-4F9A-BA1C-4041E21E219A}"
EndProject
Project("{9A19103F-16F7-4668-BE54-9A1E7A4F7556}") = "Learning03", "prepare\Learning03\Learning03.csproj", "{5E5DD095-BCF4-4207-840E-6BF5B38B68D3}"
EndProject
Project("{9A19103F-16F7-4668-BE54-9A1E7A4F7556}") = "Learning04", "prepare\Learning04\Learning04.csproj", "{1525CEA5-1B74-444F-89CD-0C7558DEB683}"
EndProject
Project("{9A19103F-16F7-4668-BE54-9A1E7A4F7556}") = "Learning05", "prepare\Learning05\Learning05.csproj", "{FB891835-5C24-4BDE-B46C-FB40915FBA61}"
EndProject
Project("{2150E333-8FDC-42A3-9474-1A3956D46DE8}") = "prove", "prove", "{EEAEC155-25D5-465A-BE3E-B86866A90558}"
EndProject
Project("{9A19103F-16F7-4668-BE54-9A1E7A4F7556}") = "Develop02", "prove\Develop02\Develop02.csproj", "{69C594D1-DFF7-4039-9671-C4FEDA377B37}"
EndProject
Project("{9A19103F-16F7-4668-BE54-9A1E7A4F7556}") = "Develop03", "prove\Develop03\Develop03.csproj", "{202DD63B-1728-47DE-B09B-57E8D442EEFE}"
EndProject
Project("{9A19103F-16F7-4668-BE54-9A1E7A4F7556}") = "Develop04", "prove\Develop04\Develop04.csproj", "{7E228110-543C-4991-A2B9-C8F18DB692A3}"
EndProject
Project("{9A19103F-16F7-4668-BE54-9A1E7A4F7556}") = "Develop05", "prove\Develop05\Develop05.csproj", "{85D67F82-AAD1-4874-94DB-8205EBA61BCB}"
EndProject
Project("{2150E333-8FDC-42A3-9474-1A3956D46DE8}") = "sandbox", "sandbox", "{58CDEBF4-649A-42BA-9F1C-B52BF48962A3}"
EndProject
Project("{9A19103F-16F7-4668-BE54-9A1E7A4F7556}") = "Sandbox", "sandbox\Sandbox\Sandbox.csproj", "{1D802E41-3FB8-4410-94F7-D87629CB5CC5}"
EndProject
Global
	GlobalSection(SolutionConfigurationPlatforms) = preSolution
		Debug|Any CPU = Debug|Any CPU
		Release|Any CPU = Release|Any CPU
	EndGlobalSection
	GlobalSection(ProjectConfigurationPlatforms) = postSolution
		{44033AEE-2407-49F2-962C-D325B8CE2916}.Debug|Any CPU.ActiveCfg = Debug|Any CPU
		{44033AEE-2407-49F2-962C-D325B8CE2916}.Debug|Any CPU.Build.0 = Debug|Any CPU
		{44033AEE-2407-49F2-962C-D325B8CE2916}.Release|Any CPU.ActiveCfg = Release|Any CPU
		{44033AEE-2407-49F2-962C-D325B8CE2916}.Release|Any CPU.Build.0 = Release|Any CPU
		{6483247F-241D-4F09-BCBD-08DC60A23D0F}.Debug|Any CPU.ActiveCfg = Debug|Any CPU
		{6483247F-241D-4F09-BCBD-08DC60A23D0F}.Debug|Any CPU.Build.0 = Debug|Any CPU
		{6483247F-241D-4F09-BCBD-08DC60A23D0F}.Release|Any CPU.ActiveCfg = Release|Any CPU
		{6483247F-241D-4F09-BCBD-08DC60A23D0F}.Release|Any CPU.Build.0 = Release|Any CPU
		{424E7F30-BA5F-4001-86D5-5F53B605D371}.Debug|Any CPU.ActiveCfg = Debug|Any CPU
		{424E7F30-BA5F-4001-86D5-5F53B605D371}.Debug|Any CPU.Build.0 = Debug|Any CPU
		{424E7F30-BA5F-4001-86D5-5F53B605D371}.Release|Any CPU.ActiveCfg = Release|Any CPU
		{424E7F30-BA5F-4001-86D5-5F53B605D371}.Release|Any CPU.Build.0 = Release|Any CPU
		{B9D85B5E-4AFC-4F75-8F28-4B3BC34B7B1F}.Debug|Any CPU.ActiveCfg = Debug|Any CPU
		{B9D85B5E-4AFC-4F75-8F28-4B3BC34B7B1F}.Debug|Any CPU.Build.0 = Debug|Any CPU
		{B9D85B5E-4AFC-4F75-8F28-4B3BC34B7B1F}.Release|Any CPU.ActiveCfg = Release|Any CPU
		{B9D85B5E-4AFC-4F75-8F28-4B3BC34B7B1F}.Release|Any CPU.Build.0 = Release|Any CPU
		{3FD7AAFA-B848-4D26-99D1-07AD5D47BAEE}.Debug|Any CPU.ActiveCfg = Debug|Any CPU
		{3FD7AAFA-B848-4D26-99D1-07AD5D47BAEE}.Debug|Any CPU.Build.0 = Debug|Any CPU
		{3FD7AAFA-B848-4D26-99D1-07AD5D47BAEE}.Release|Any CPU.ActiveCfg = Release|Any CPU
		{3FD7AAFA-B848-4D26-99D1-07AD5D47BAEE}.Release|Any CPU.Build.0 = Release|Any CPU
		{7613481D-8FA0-4E35-BCF0-757DAA02A65B}.Debug|Any CPU.ActiveCfg = Debug|Any CPU
		{7613481D-8FA0-4E35-BCF0-757DAA02A65B}.Debug|Any CPU.Build.0 = Debug|Any CPU
		{7613481D-8FA0-4E35-BCF0-757DAA02A65B}.Release|Any CPU.ActiveCfg = Release|Any CPU
		{7613481D-8FA0-4E35-BCF0-757DAA02A65B}.Release|Any CPU.Build.0 = Release|Any CPU
		{9384743F-2122-44EA-8B8A-94AC46E10433}.Debug|Any CPU.ActiveCfg = Debug|Any CPU
		{9384743F-2122-44EA-8B8A-94AC46E10433}.Debug|Any CPU.Build.0 = Debug|Any CPU
		{9384743F-2122-44EA-8B8A-94AC46E10433}.Release|Any CPU.ActiveCfg = Release|Any CPU
		{9384743F-2122-44EA-8B8A-94AC46E10433}.Release|Any CPU.Build.0 = Release|Any CPU
		{8F823831-13A1-4550-B63F-816CDEAE08C1}.Debug|Any CPU.ActiveCfg = Debug|Any CPU
		{8F823831-13A1-4550-B63F-816CDEAE08C1}.Debug|Any CPU.Build.0 = Debug|Any CPU
		{8F823831-13A1-4550-B63F-816CDEAE08C1}.Release|Any CPU.ActiveCfg = Release|Any CPU
		{8F823831-13A1-4550-B63F-816CDEAE08C1}.Release|Any CPU.Build.0 = Release|Any CPU
		{F8AE20DB-65A6-4511-9C0D-F88F718D3028}.Debug|Any CPU.ActiveCfg = Debug|Any CPU
		{F8AE20DB-65A6-4511-9C0D-F88F718D3028}.Debug|Any CPU.Build.0 = Debug|Any CPU
		{F8AE20DB-65A6-4511-9C0D-F88F718D3028}.Release|Any CPU.ActiveCfg = Release|Any CPU
		{F8AE20DB-65A6-4511-9C0D-F88F718D3028}.Release|Any CPU.Build.0 = Release|Any CPU
		{BF1DE043-AA03-41B7-9F29-AE015521AEBE}.Debug|Any CPU.ActiveCfg = Debug|Any CPU
		{BF1DE043-AA03-41B7-9F29-AE015521AEBE}.Debug|Any CPU.Build.0 = Debug|Any CPU
		{BF1DE043-AA03-41B7-9F29-AE015521AEBE}.Release|Any CPU.ActiveCfg = Release|Any CPU
		{BF1DE043-AA03-41B7-9F29-AE015521AEBE}.Release|Any CPU.Build.0 = Release|Any CPU
		{492B46D5-A969-4F9A-BA1C-4041E21E219A}.Debug|Any CPU.ActiveCfg = Debug|Any CPU
		{492B46D5-A969-4F9A-BA1C-4041E21E219A}.Debug|Any CPU.Build.0 = Debug|Any CPU
		{492B46D5-A969-4F9A-BA1C-4041E21E219A}.Release|Any CPU.ActiveCfg = Release|Any CPU
		{492B46D5-A969-4F9A-BA1C-4041E21E219A}.Release|Any CPU.Build.0 = Release|Any CPU
		{5E5DD095-BCF4-4207-840E-6BF5B38B68D3}.Debug|Any CPU.ActiveCfg = Debug|Any CPU
		{5E5DD095-BCF4-4207-840E-6BF5B38B68D3}.Debug|Any CPU.Build.0 = Debug|Any CPU
		{5E5DD095-BCF4-4207-840E-6BF5B38B68D3}.Release|Any CPU.ActiveCfg = Release|Any CPU
		{5E5DD095-BCF4-4207-840E-6BF5B38B68D3}.Release|Any CPU.Build.0 = Release|Any CPU
		{1525CEA5-1B74-444F-89CD-0C7558DEB683}.Debug|Any CPU.ActiveCfg = Debug|Any CPU
		{1525CEA5-1B74-444F-89CD-0C7558DEB683}.Debug|Any CPU.Build.0 = Debug|Any CPU
		{1525CEA5-1B74-444F-89CD-0C7558DEB683}.Release|Any CPU.ActiveCfg = Release|Any CPU
		{1525CEA5-1B74-444F-89CD-0C7558DEB683}.Release|Any CPU.Build.0 = Release|Any CPU
		{FB891835-5C24-4BDE-B46C-FB40915FBA61}.Debug|Any CPU.ActiveCfg = Debug|Any CPU
		{FB891835-5C24-4BDE-B46C-FB40915FBA61}.Debug|Any CPU.Build.0 = Debug|Any CPU
		{FB891835-5C24-4BDE-B46C-FB40915FBA61}.Release|Any CPU.ActiveCfg = Release|Any CPU
		{FB891835-5C24-4BDE-B46C-FB40915FBA61}.Release|Any CPU.Build.0 = Release|Any CPU
		{69C594D1-DFF7-4039-9671-C4FEDA377B37}.Debug|Any CPU.ActiveCfg = Debug|Any CPU
		{69C594D1-DFF7-4039-9671-C4FEDA377B37}.Debug|Any CPU.Build.0 = Debug|Any CPU
		{69C594D1-DFF7-4039-9671-C4FEDA377B37}.Release|Any CPU.ActiveCfg = Release|Any CPU
		{69C594D1-DFF7-4039-9671-C4FEDA377B37}.Release|Any CPU.Build.0 = Release|Any CPU
		{202DD63B-1728-47DE-B09B-57E8D442EEFE}.Debug|Any CPU.ActiveCfg = Debug|Any CPU
		{202DD63B-1728-47DE-B09B-57E8D442EEFE}.Debug|Any CPU.Build.0 = Debug|Any CPU
		{202DD63B-1728-47DE-B09B-57E8D442EEFE}.Release|Any CPU.ActiveCfg = Release|Any CPU
		{202DD63B-1728-47DE-B09B-57E8D442EEFE}.Release|Any CPU.Build.0 = Release|Any CPU
		{7E228110-543C-4991-A2B9-C8F18DB692A3}.Debug|Any CPU.ActiveCfg = Debug|Any CPU
		{7E228110-543C-4991-A2B9-C8F18DB692A3}.Debug|Any CPU.Build.0 = Debug|Any CPU
		{7E228110-543C-4991-A2B9-C8F18DB692A3}.Release|Any CPU.ActiveCfg = Release|Any CPU
		{7E228110-543C-4991-A2B9-C8F18DB692A3}.Release|Any CPU.Build.0 = Release|Any CPU
		{85D67F82-AAD1-4874-94DB-8205EBA61BCB}.Debug|Any CPU.ActiveCfg = Debug|Any CPU
		{85D67F82-AAD1-4874-94DB-8205EBA61BCB}.Debug|Any CPU.Build.0 = Debug|Any CPU
		{85D67F82-AAD1-4874-94DB-8205EBA61BCB}.Release|Any CPU.ActiveCfg = Release|Any CPU
		{85D67F82-AAD1-4874-94DB-8205EBA61BCB}.Release|Any CPU.Build.0 = Release|Any CPU
		{1D802E41-3FB8-4410-94F7-D87629CB5CC5}.Debug|Any CPU.ActiveCfg = Debug|Any CPU
		{1D802E41-3FB8-4410-94F7-D87629CB5CC5}.Debug|Any CPU.Build.0 = Debug|Any CPU
		{1D802E41-3FB8-4410-94F7-D87629CB5CC5}.Release|Any CPU.ActiveCfg = Release|Any CPU
		{1D802E41-3FB8-4410-94F7-D87629CB5CC5}.Release|Any CPU.Build.0 = Release|Any CPU
	EndGlobalSection
	GlobalSection(SolutionProperties) = preSolution
		HideSolutionNode = FALSE
	EndGlobalSection
	GlobalSection(NestedProjects) = preSolution
		{44033AEE-2407-49F2-962C-D325B8CE2916} = {D162E448-5C38-4E3C-B75B-FE9872606DA4}
		{6483247F-241D-4F09-BCBD-08DC60A23D0F} = {D162E448-5C38-4E3C-B75B-FE9872606DA4}
		{424E7F30-BA5F-4001-86D5-5F53B605D371} = {D162E448-5C38-4E3C-B75B-FE9872606DA4}
		{B9D85B5E-4AFC-4F75-8F28-4B3BC34B7B1F} = {D162E448-5C38-4E3C-B75B-FE9872606DA4}
		{3FD7AAFA-B848-4D26-99D1-07AD5D47BAEE} = {D162E448-5C38-4E3C-B75B-FE9872606DA4}
		{7613481D-8FA0-4E35-BCF0-757DAA02A65B} = {3A55B592-637C-476A-A09C-2ABF09238D37}
		{9384743F-2122-44EA-8B8A-94AC46E10433} = {3A55B592-637C-476A-A09C-2ABF09238D37}
		{8F823831-13A1-4550-B63F-816CDEAE08C1} = {3A55B592-637C-476A-A09C-2ABF09238D37}
		{F8AE20DB-65A6-4511-9C0D-F88F718D3028} = {3A55B592-637C-476A-A09C-2ABF09238D37}
		{BF1DE043-AA03-41B7-9F29-AE015521AEBE} = {3A55B592-637C-476A-A09C-2ABF09238D37}
		{492B46D5-A969-4F9A-BA1C-4041E21E219A} = {817F4DB5-7036-453F-8211-24A307873AE3}
		{5E5DD095-BCF4-4207-840E-6BF5B38B68D3} = {817F4DB5-7036-453F-8211-24A307873AE3}
		{1525CEA5-1B74-444F-89CD-0C7558DEB683} = {817F4DB5-7036-453F-8211-24A307873AE3}
		{FB891835-5C24-4BDE-B46C-FB40915FBA61} = {817F4DB5-7036-453F-8211-24A307873AE3}
		{69C594D1-DFF7-4039-9671-C4FEDA377B37} = {EEAEC155-25D5-465A-BE3E-B86866A90558}
		{202DD63B-1728-47DE-B09B-57E8D442EEFE} = {EEAEC155-25D5-465A-BE3E-B86866A90558}
		{7E228110-543C-4991-A2B9-C8F18DB692A3} = {EEAEC155-25D5-465A-BE3E-B86866A90558}
		{85D67F82-AAD1-4874-94DB-8205EBA61BCB} = {EEAEC155-25D5-465A-BE3E-B86866A90558}
		{1D802E41-3FB8-4410-94F7-D87629CB5CC5} = {58CDEBF4-649A-42BA-9F1C-B52BF48962A3}
	EndGlobalSection
	GlobalSection(ExtensibilityGlobals) = postSolution
		SolutionGuid = {6754FBCD-FB08-4B40-B6D7-87A09DF726FC}
	EndGlobalSection
EndGlobal
